
Microsoft Visual Studio Solution File, Format Version 12.00
# Visual Studio Version 17
VisualStudioVersion = 17.6.33829.357
MinimumVisualStudioVersion = 10.0.40219.1
Project("{9A19103F-16F7-4668-BE54-9A1E7A4F7556}") = "AFSolution.Api", "AFSolution.Api\AFSolution.Api.csproj", "{1E19208A-A13F-43FA-9E77-A213F991FABC}"
EndProject
Project("{9A19103F-16F7-4668-BE54-9A1E7A4F7556}") = "AFSolution.Domain", "AFSolution.Domain\AFSolution.Domain.csproj", "{FBF57837-0877-4224-8688-361318F46F1F}"
EndProject
Project("{9A19103F-16F7-4668-BE54-9A1E7A4F7556}") = "AFSolution.Infrastructure", "AFSolution.Infrastructure\AFSolution.Infrastructure.csproj", "{757936A7-758D-4273-A359-2441DD15E094}"
EndProject
Project("{E53339B2-1760-4266-BCC7-CA923CBCF16C}") = "docker-compose", "docker-compose.dcproj", "{08481745-F761-4576-B8B9-0A92D1B786CD}"
EndProject
Project("{FAE04EC0-301F-11D3-BF4B-00C04F79EFBC}") = "AFSolution.Application", "AFSolution.Application\AFSolution.Application.csproj", "{BF0848B9-260C-46E7-A2A2-4FA24E7E3199}"
EndProject
Global
	GlobalSection(SolutionConfigurationPlatforms) = preSolution
		Debug|Any CPU = Debug|Any CPU
		Release|Any CPU = Release|Any CPU
	EndGlobalSection
	GlobalSection(ProjectConfigurationPlatforms) = postSolution
		{1E19208A-A13F-43FA-9E77-A213F991FABC}.Debug|Any CPU.ActiveCfg = Debug|Any CPU
		{1E19208A-A13F-43FA-9E77-A213F991FABC}.Debug|Any CPU.Build.0 = Debug|Any CPU
		{1E19208A-A13F-43FA-9E77-A213F991FABC}.Release|Any CPU.ActiveCfg = Release|Any CPU
		{1E19208A-A13F-43FA-9E77-A213F991FABC}.Release|Any CPU.Build.0 = Release|Any CPU
		{FBF57837-0877-4224-8688-361318F46F1F}.Debug|Any CPU.ActiveCfg = Debug|Any CPU
		{FBF57837-0877-4224-8688-361318F46F1F}.Debug|Any CPU.Build.0 = Debug|Any CPU
		{FBF57837-0877-4224-8688-361318F46F1F}.Release|Any CPU.ActiveCfg = Release|Any CPU
		{FBF57837-0877-4224-8688-361318F46F1F}.Release|Any CPU.Build.0 = Release|Any CPU
		{757936A7-758D-4273-A359-2441DD15E094}.Debug|Any CPU.ActiveCfg = Debug|Any CPU
		{757936A7-758D-4273-A359-2441DD15E094}.Debug|Any CPU.Build.0 = Debug|Any CPU
		{757936A7-758D-4273-A359-2441DD15E094}.Release|Any CPU.ActiveCfg = Release|Any CPU
		{757936A7-758D-4273-A359-2441DD15E094}.Release|Any CPU.Build.0 = Release|Any CPU
		{08481745-F761-4576-B8B9-0A92D1B786CD}.Debug|Any CPU.ActiveCfg = Debug|Any CPU
		{08481745-F761-4576-B8B9-0A92D1B786CD}.Debug|Any CPU.Build.0 = Debug|Any CPU
		{08481745-F761-4576-B8B9-0A92D1B786CD}.Release|Any CPU.ActiveCfg = Release|Any CPU
		{08481745-F761-4576-B8B9-0A92D1B786CD}.Release|Any CPU.Build.0 = Release|Any CPU
		{BF0848B9-260C-46E7-A2A2-4FA24E7E3199}.Debug|Any CPU.ActiveCfg = Debug|Any CPU
		{BF0848B9-260C-46E7-A2A2-4FA24E7E3199}.Debug|Any CPU.Build.0 = Debug|Any CPU
		{BF0848B9-260C-46E7-A2A2-4FA24E7E3199}.Release|Any CPU.ActiveCfg = Release|Any CPU
		{BF0848B9-260C-46E7-A2A2-4FA24E7E3199}.Release|Any CPU.Build.0 = Release|Any CPU
	EndGlobalSection
	GlobalSection(SolutionProperties) = preSolution
		HideSolutionNode = FALSE
	EndGlobalSection
	GlobalSection(ExtensibilityGlobals) = postSolution
		SolutionGuid = {7ED4FF83-0893-42BF-A9FF-2FE223EE2E7E}
	EndGlobalSection
EndGlobal
